<Solution>
  <Folder Name="/FrontEnd/">
    <Project Path="Mango.Web/Mango.Web.csproj" Id="bbee3ff3-a9a4-4e44-b651-98ce5ae60b2f" />
  </Folder>
  <Folder Name="/Gateway/" />
  <Folder Name="/Integration/" />
  <Folder Name="/Services/">
    <Project Path="../MIcroServicesWeb.CouponApi/MIcroServicesWeb.CouponApi.csproj" />
    <Project Path="Mango.Service.AuthApi/Mango.Service.AuthApi.csproj" Id="ae3eeed0-a122-479c-b38a-2baa47566a07" />
  </Folder>
</Solution>
